
Microsoft Visual Studio Solution File, Format Version 12.00
# Visual Studio Version 17
VisualStudioVersion = 17.1.32414.318
MinimumVisualStudioVersion = 10.0.40219.1
Project("{FAE04EC0-301F-11D3-BF4B-00C04F79EFBC}") = "LearnWebsite.Web", "LearnWebsite.Web\LearnWebsite.Web.csproj", "{E135B591-31F8-4EC3-9E49-186904B04034}"
EndProject
Project("{FAE04EC0-301F-11D3-BF4B-00C04F79EFBC}") = "LearnWebsite.Core", "LearnWebsite.Core\LearnWebsite.Core.csproj", "{65864276-D021-4F55-BFDB-A453E2C21FB2}"
EndProject
Global
	GlobalSection(SolutionConfigurationPlatforms) = preSolution
		Debug|Any CPU = Debug|Any CPU
		Release|Any CPU = Release|Any CPU
	EndGlobalSection
	GlobalSection(ProjectConfigurationPlatforms) = postSolution
		{E135B591-31F8-4EC3-9E49-186904B04034}.Debug|Any CPU.ActiveCfg = Debug|Any CPU
		{E135B591-31F8-4EC3-9E49-186904B04034}.Debug|Any CPU.Build.0 = Debug|Any CPU
		{E135B591-31F8-4EC3-9E49-186904B04034}.Release|Any CPU.ActiveCfg = Release|Any CPU
		{E135B591-31F8-4EC3-9E49-186904B04034}.Release|Any CPU.Build.0 = Release|Any CPU
		{65864276-D021-4F55-BFDB-A453E2C21FB2}.Debug|Any CPU.ActiveCfg = Debug|Any CPU
		{65864276-D021-4F55-BFDB-A453E2C21FB2}.Debug|Any CPU.Build.0 = Debug|Any CPU
		{65864276-D021-4F55-BFDB-A453E2C21FB2}.Release|Any CPU.ActiveCfg = Release|Any CPU
		{65864276-D021-4F55-BFDB-A453E2C21FB2}.Release|Any CPU.Build.0 = Release|Any CPU
	EndGlobalSection
	GlobalSection(SolutionProperties) = preSolution
		HideSolutionNode = FALSE
	EndGlobalSection
	GlobalSection(ExtensibilityGlobals) = postSolution
		SolutionGuid = {76334983-EBF2-4E90-82EE-788D3C048D3B}
	EndGlobalSection
EndGlobal
